
Microsoft Visual Studio Solution File, Format Version 12.00
# Visual Studio Version 17
VisualStudioVersion = 17.0.31903.59
MinimumVisualStudioVersion = 10.0.40219.1
Project("{2150E333-8FDC-42A3-9474-1A3956D46DE8}") = "src", "src", "{827E0CD3-B72D-47B6-A68D-7590B98EB39B}"
EndProject
Project("{FAE04EC0-301F-11D3-BF4B-00C04F79EFBC}") = "AtlasX.Matching", "src\AtlasX.Matching\AtlasX.Matching.csproj", "{4C2B9D4C-6ED9-456C-9FBF-13C1875C415E}"
EndProject
Project("{FAE04EC0-301F-11D3-BF4B-00C04F79EFBC}") = "AtlasX.Ledger", "src\AtlasX.Ledger\AtlasX.Ledger.csproj", "{5497486A-9C25-487F-9A90-6633BEA406E5}"
EndProject
Project("{FAE04EC0-301F-11D3-BF4B-00C04F79EFBC}") = "AtlasX.Risk", "src\AtlasX.Risk\AtlasX.Risk.csproj", "{D8C6EF77-541B-4925-A0E2-7D3C3E7ADE24}"
EndProject
Project("{FAE04EC0-301F-11D3-BF4B-00C04F79EFBC}") = "AtlasX.Infrastructure", "src\AtlasX.Infrastructure\AtlasX.Infrastructure.csproj", "{DE14A598-776B-4EA5-8B2D-198ECDCEBD29}"
EndProject
Project("{FAE04EC0-301F-11D3-BF4B-00C04F79EFBC}") = "AtlasX.Api", "src\AtlasX.Api\AtlasX.Api.csproj", "{C0C4E1BE-6A8B-419C-8C33-3097297131D1}"
EndProject
Project("{2150E333-8FDC-42A3-9474-1A3956D46DE8}") = "tests", "tests", "{0AB3BF05-4346-4AA6-1389-037BE0695223}"
EndProject
Project("{FAE04EC0-301F-11D3-BF4B-00C04F79EFBC}") = "AtlasX.Matching.Tests", "tests\AtlasX.Matching.Tests\AtlasX.Matching.Tests.csproj", "{0C26DB74-04B7-42E3-B336-68A948ED05B5}"
EndProject
Project("{FAE04EC0-301F-11D3-BF4B-00C04F79EFBC}") = "AtlasX.Api.Tests", "tests\AtlasX.Api.Tests\AtlasX.Api.Tests.csproj", "{F92F3FF2-44B9-481B-B4C2-2596D4958638}"
EndProject
Project("{FAE04EC0-301F-11D3-BF4B-00C04F79EFBC}") = "AtlasX.Infrastructure.Tests", "tests\AtlasX.Infrastructure.Tests\AtlasX.Infrastructure.Tests.csproj", "{E4B7F5C0-2F10-4F12-9D8E-6C2A3C2DDC9A}"
EndProject
Global
	GlobalSection(SolutionConfigurationPlatforms) = preSolution
		Debug|Any CPU = Debug|Any CPU
		Debug|x64 = Debug|x64
		Debug|x86 = Debug|x86
		Release|Any CPU = Release|Any CPU
		Release|x64 = Release|x64
		Release|x86 = Release|x86
	EndGlobalSection
	GlobalSection(ProjectConfigurationPlatforms) = postSolution
		{4C2B9D4C-6ED9-456C-9FBF-13C1875C415E}.Debug|Any CPU.ActiveCfg = Debug|Any CPU
		{4C2B9D4C-6ED9-456C-9FBF-13C1875C415E}.Debug|Any CPU.Build.0 = Debug|Any CPU
		{4C2B9D4C-6ED9-456C-9FBF-13C1875C415E}.Debug|x64.ActiveCfg = Debug|Any CPU
		{4C2B9D4C-6ED9-456C-9FBF-13C1875C415E}.Debug|x64.Build.0 = Debug|Any CPU
		{4C2B9D4C-6ED9-456C-9FBF-13C1875C415E}.Debug|x86.ActiveCfg = Debug|Any CPU
		{4C2B9D4C-6ED9-456C-9FBF-13C1875C415E}.Debug|x86.Build.0 = Debug|Any CPU
		{4C2B9D4C-6ED9-456C-9FBF-13C1875C415E}.Release|Any CPU.ActiveCfg = Release|Any CPU
		{4C2B9D4C-6ED9-456C-9FBF-13C1875C415E}.Release|Any CPU.Build.0 = Release|Any CPU
		{4C2B9D4C-6ED9-456C-9FBF-13C1875C415E}.Release|x64.ActiveCfg = Release|Any CPU
		{4C2B9D4C-6ED9-456C-9FBF-13C1875C415E}.Release|x64.Build.0 = Release|Any CPU
		{4C2B9D4C-6ED9-456C-9FBF-13C1875C415E}.Release|x86.ActiveCfg = Release|Any CPU
		{4C2B9D4C-6ED9-456C-9FBF-13C1875C415E}.Release|x86.Build.0 = Release|Any CPU
		{5497486A-9C25-487F-9A90-6633BEA406E5}.Debug|Any CPU.ActiveCfg = Debug|Any CPU
		{5497486A-9C25-487F-9A90-6633BEA406E5}.Debug|Any CPU.Build.0 = Debug|Any CPU
		{5497486A-9C25-487F-9A90-6633BEA406E5}.Debug|x64.ActiveCfg = Debug|Any CPU
		{5497486A-9C25-487F-9A90-6633BEA406E5}.Debug|x64.Build.0 = Debug|Any CPU
		{5497486A-9C25-487F-9A90-6633BEA406E5}.Debug|x86.ActiveCfg = Debug|Any CPU
		{5497486A-9C25-487F-9A90-6633BEA406E5}.Debug|x86.Build.0 = Debug|Any CPU
		{5497486A-9C25-487F-9A90-6633BEA406E5}.Release|Any CPU.ActiveCfg = Release|Any CPU
		{5497486A-9C25-487F-9A90-6633BEA406E5}.Release|Any CPU.Build.0 = Release|Any CPU
		{5497486A-9C25-487F-9A90-6633BEA406E5}.Release|x64.ActiveCfg = Release|Any CPU
		{5497486A-9C25-487F-9A90-6633BEA406E5}.Release|x64.Build.0 = Release|Any CPU
		{5497486A-9C25-487F-9A90-6633BEA406E5}.Release|x86.ActiveCfg = Release|Any CPU
		{5497486A-9C25-487F-9A90-6633BEA406E5}.Release|x86.Build.0 = Release|Any CPU
		{D8C6EF77-541B-4925-A0E2-7D3C3E7ADE24}.Debug|Any CPU.ActiveCfg = Debug|Any CPU
		{D8C6EF77-541B-4925-A0E2-7D3C3E7ADE24}.Debug|Any CPU.Build.0 = Debug|Any CPU
		{D8C6EF77-541B-4925-A0E2-7D3C3E7ADE24}.Debug|x64.ActiveCfg = Debug|Any CPU
		{D8C6EF77-541B-4925-A0E2-7D3C3E7ADE24}.Debug|x64.Build.0 = Debug|Any CPU
		{D8C6EF77-541B-4925-A0E2-7D3C3E7ADE24}.Debug|x86.ActiveCfg = Debug|Any CPU
		{D8C6EF77-541B-4925-A0E2-7D3C3E7ADE24}.Debug|x86.Build.0 = Debug|Any CPU
		{D8C6EF77-541B-4925-A0E2-7D3C3E7ADE24}.Release|Any CPU.ActiveCfg = Release|Any CPU
		{D8C6EF77-541B-4925-A0E2-7D3C3E7ADE24}.Release|Any CPU.Build.0 = Release|Any CPU
		{D8C6EF77-541B-4925-A0E2-7D3C3E7ADE24}.Release|x64.ActiveCfg = Release|Any CPU
		{D8C6EF77-541B-4925-A0E2-7D3C3E7ADE24}.Release|x64.Build.0 = Release|Any CPU
		{D8C6EF77-541B-4925-A0E2-7D3C3E7ADE24}.Release|x86.ActiveCfg = Release|Any CPU
		{D8C6EF77-541B-4925-A0E2-7D3C3E7ADE24}.Release|x86.Build.0 = Release|Any CPU
		{DE14A598-776B-4EA5-8B2D-198ECDCEBD29}.Debug|Any CPU.ActiveCfg = Debug|Any CPU
		{DE14A598-776B-4EA5-8B2D-198ECDCEBD29}.Debug|Any CPU.Build.0 = Debug|Any CPU
		{DE14A598-776B-4EA5-8B2D-198ECDCEBD29}.Debug|x64.ActiveCfg = Debug|Any CPU
		{DE14A598-776B-4EA5-8B2D-198ECDCEBD29}.Debug|x64.Build.0 = Debug|Any CPU
		{DE14A598-776B-4EA5-8B2D-198ECDCEBD29}.Debug|x86.ActiveCfg = Debug|Any CPU
		{DE14A598-776B-4EA5-8B2D-198ECDCEBD29}.Debug|x86.Build.0 = Debug|Any CPU
		{DE14A598-776B-4EA5-8B2D-198ECDCEBD29}.Release|Any CPU.ActiveCfg = Release|Any CPU
		{DE14A598-776B-4EA5-8B2D-198ECDCEBD29}.Release|Any CPU.Build.0 = Release|Any CPU
		{DE14A598-776B-4EA5-8B2D-198ECDCEBD29}.Release|x64.ActiveCfg = Release|Any CPU
		{DE14A598-776B-4EA5-8B2D-198ECDCEBD29}.Release|x64.Build.0 = Release|Any CPU
		{DE14A598-776B-4EA5-8B2D-198ECDCEBD29}.Release|x86.ActiveCfg = Release|Any CPU
		{DE14A598-776B-4EA5-8B2D-198ECDCEBD29}.Release|x86.Build.0 = Release|Any CPU
		{C0C4E1BE-6A8B-419C-8C33-3097297131D1}.Debug|Any CPU.ActiveCfg = Debug|Any CPU
		{C0C4E1BE-6A8B-419C-8C33-3097297131D1}.Debug|Any CPU.Build.0 = Debug|Any CPU
		{C0C4E1BE-6A8B-419C-8C33-3097297131D1}.Debug|x64.ActiveCfg = Debug|Any CPU
		{C0C4E1BE-6A8B-419C-8C33-3097297131D1}.Debug|x64.Build.0 = Debug|Any CPU
		{C0C4E1BE-6A8B-419C-8C33-3097297131D1}.Debug|x86.ActiveCfg = Debug|Any CPU
		{C0C4E1BE-6A8B-419C-8C33-3097297131D1}.Debug|x86.Build.0 = Debug|Any CPU
		{C0C4E1BE-6A8B-419C-8C33-3097297131D1}.Release|Any CPU.ActiveCfg = Release|Any CPU
		{C0C4E1BE-6A8B-419C-8C33-3097297131D1}.Release|Any CPU.Build.0 = Release|Any CPU
		{C0C4E1BE-6A8B-419C-8C33-3097297131D1}.Release|x64.ActiveCfg = Release|Any CPU
		{C0C4E1BE-6A8B-419C-8C33-3097297131D1}.Release|x64.Build.0 = Release|Any CPU
		{C0C4E1BE-6A8B-419C-8C33-3097297131D1}.Release|x86.ActiveCfg = Release|Any CPU
		{C0C4E1BE-6A8B-419C-8C33-3097297131D1}.Release|x86.Build.0 = Release|Any CPU
		{0C26DB74-04B7-42E3-B336-68A948ED05B5}.Debug|Any CPU.ActiveCfg = Debug|Any CPU
		{0C26DB74-04B7-42E3-B336-68A948ED05B5}.Debug|Any CPU.Build.0 = Debug|Any CPU
		{0C26DB74-04B7-42E3-B336-68A948ED05B5}.Debug|x64.ActiveCfg = Debug|Any CPU
		{0C26DB74-04B7-42E3-B336-68A948ED05B5}.Debug|x64.Build.0 = Debug|Any CPU
		{0C26DB74-04B7-42E3-B336-68A948ED05B5}.Debug|x86.ActiveCfg = Debug|Any CPU
		{0C26DB74-04B7-42E3-B336-68A948ED05B5}.Debug|x86.Build.0 = Debug|Any CPU
		{0C26DB74-04B7-42E3-B336-68A948ED05B5}.Release|Any CPU.ActiveCfg = Release|Any CPU
		{0C26DB74-04B7-42E3-B336-68A948ED05B5}.Release|Any CPU.Build.0 = Release|Any CPU
		{0C26DB74-04B7-42E3-B336-68A948ED05B5}.Release|x64.ActiveCfg = Release|Any CPU
		{0C26DB74-04B7-42E3-B336-68A948ED05B5}.Release|x64.Build.0 = Release|Any CPU
		{0C26DB74-04B7-42E3-B336-68A948ED05B5}.Release|x86.ActiveCfg = Release|Any CPU
		{0C26DB74-04B7-42E3-B336-68A948ED05B5}.Release|x86.Build.0 = Release|Any CPU
		{F92F3FF2-44B9-481B-B4C2-2596D4958638}.Debug|Any CPU.ActiveCfg = Debug|Any CPU
		{F92F3FF2-44B9-481B-B4C2-2596D4958638}.Debug|Any CPU.Build.0 = Debug|Any CPU
		{F92F3FF2-44B9-481B-B4C2-2596D4958638}.Debug|x64.ActiveCfg = Debug|Any CPU
		{F92F3FF2-44B9-481B-B4C2-2596D4958638}.Debug|x64.Build.0 = Debug|Any CPU
		{F92F3FF2-44B9-481B-B4C2-2596D4958638}.Debug|x86.ActiveCfg = Debug|Any CPU
		{F92F3FF2-44B9-481B-B4C2-2596D4958638}.Debug|x86.Build.0 = Debug|Any CPU
		{F92F3FF2-44B9-481B-B4C2-2596D4958638}.Release|Any CPU.ActiveCfg = Release|Any CPU
		{F92F3FF2-44B9-481B-B4C2-2596D4958638}.Release|Any CPU.Build.0 = Release|Any CPU
		{F92F3FF2-44B9-481B-B4C2-2596D4958638}.Release|x64.ActiveCfg = Release|Any CPU
		{F92F3FF2-44B9-481B-B4C2-2596D4958638}.Release|x64.Build.0 = Release|Any CPU
		{F92F3FF2-44B9-481B-B4C2-2596D4958638}.Release|x86.ActiveCfg = Release|Any CPU
		{F92F3FF2-44B9-481B-B4C2-2596D4958638}.Release|x86.Build.0 = Release|Any CPU
		{E4B7F5C0-2F10-4F12-9D8E-6C2A3C2DDC9A}.Debug|Any CPU.ActiveCfg = Debug|Any CPU
		{E4B7F5C0-2F10-4F12-9D8E-6C2A3C2DDC9A}.Debug|Any CPU.Build.0 = Debug|Any CPU
		{E4B7F5C0-2F10-4F12-9D8E-6C2A3C2DDC9A}.Debug|x64.ActiveCfg = Debug|Any CPU
		{E4B7F5C0-2F10-4F12-9D8E-6C2A3C2DDC9A}.Debug|x64.Build.0 = Debug|Any CPU
		{E4B7F5C0-2F10-4F12-9D8E-6C2A3C2DDC9A}.Debug|x86.ActiveCfg = Debug|Any CPU
		{E4B7F5C0-2F10-4F12-9D8E-6C2A3C2DDC9A}.Debug|x86.Build.0 = Debug|Any CPU
		{E4B7F5C0-2F10-4F12-9D8E-6C2A3C2DDC9A}.Release|Any CPU.ActiveCfg = Release|Any CPU
		{E4B7F5C0-2F10-4F12-9D8E-6C2A3C2DDC9A}.Release|Any CPU.Build.0 = Release|Any CPU
		{E4B7F5C0-2F10-4F12-9D8E-6C2A3C2DDC9A}.Release|x64.ActiveCfg = Release|Any CPU
		{E4B7F5C0-2F10-4F12-9D8E-6C2A3C2DDC9A}.Release|x64.Build.0 = Release|Any CPU
		{E4B7F5C0-2F10-4F12-9D8E-6C2A3C2DDC9A}.Release|x86.ActiveCfg = Release|Any CPU
		{E4B7F5C0-2F10-4F12-9D8E-6C2A3C2DDC9A}.Release|x86.Build.0 = Release|Any CPU
	EndGlobalSection
	GlobalSection(SolutionProperties) = preSolution
		HideSolutionNode = FALSE
	EndGlobalSection
	GlobalSection(NestedProjects) = preSolution
		{4C2B9D4C-6ED9-456C-9FBF-13C1875C415E} = {827E0CD3-B72D-47B6-A68D-7590B98EB39B}
		{5497486A-9C25-487F-9A90-6633BEA406E5} = {827E0CD3-B72D-47B6-A68D-7590B98EB39B}
		{D8C6EF77-541B-4925-A0E2-7D3C3E7ADE24} = {827E0CD3-B72D-47B6-A68D-7590B98EB39B}
		{DE14A598-776B-4EA5-8B2D-198ECDCEBD29} = {827E0CD3-B72D-47B6-A68D-7590B98EB39B}
		{C0C4E1BE-6A8B-419C-8C33-3097297131D1} = {827E0CD3-B72D-47B6-A68D-7590B98EB39B}
		{0C26DB74-04B7-42E3-B336-68A948ED05B5} = {0AB3BF05-4346-4AA6-1389-037BE0695223}
		{F92F3FF2-44B9-481B-B4C2-2596D4958638} = {0AB3BF05-4346-4AA6-1389-037BE0695223}
		{E4B7F5C0-2F10-4F12-9D8E-6C2A3C2DDC9A} = {0AB3BF05-4346-4AA6-1389-037BE0695223}
	EndGlobalSection
EndGlobal
